
Microsoft Visual Studio Solution File, Format Version 12.00
# Visual Studio Version 17
VisualStudioVersion = 17.3.32825.248
MinimumVisualStudioVersion = 10.0.40219.1
Project("{2150E333-8FDC-42A3-9474-1A3956D46DE8}") = "Tickets", "Tickets", "{E560E047-A27F-4C87-804B-82E9D728EEFA}"
EndProject
Project("{2150E333-8FDC-42A3-9474-1A3956D46DE8}") = "Tasks", "Tasks", "{5E630CE5-D65E-4DF2-98BE-0A84A9C63DF0}"
EndProject
Project("{2150E333-8FDC-42A3-9474-1A3956D46DE8}") = "Orders", "Orders", "{19513C6C-CB97-4F43-B940-D65EEF161CF6}"
EndProject
Project("{2150E333-8FDC-42A3-9474-1A3956D46DE8}") = "Downloads", "Downloads", "{20365B5D-47A2-462B-BFA2-E4A4966EA14F}"
EndProject
Project("{9A19103F-16F7-4668-BE54-9A1E7A4F7556}") = "TicketSystem", "TicketSystem\TicketSystem.csproj", "{8C33E051-8B76-43BC-9FA9-5E481174785C}"
EndProject
Project("{9A19103F-16F7-4668-BE54-9A1E7A4F7556}") = "TicketSystem.Test", "TicketSystem.Test\TicketSystem.Test.csproj", "{EF75F362-1D30-4B24-B61F-2C0DB13CA650}"
EndProject
Project("{9A19103F-16F7-4668-BE54-9A1E7A4F7556}") = "TaskProccess", "TaskProccess\TaskProccess.csproj", "{CF973F5B-E1DB-43C1-A315-84CC05B272A2}"
EndProject
Project("{2150E333-8FDC-42A3-9474-1A3956D46DE8}") = "Queues", "Queues", "{DF67787C-B0E9-4F74-B00B-E156848B35A6}"
EndProject
Project("{2150E333-8FDC-42A3-9474-1A3956D46DE8}") = "Staks", "Staks", "{91C0B8FF-20D6-449D-9024-BC9EBAE66BC9}"
EndProject
Project("{9A19103F-16F7-4668-BE54-9A1E7A4F7556}") = "OrderFood", "OrderFood\OrderFood.csproj", "{B7C3A00A-6F50-439C-AFEC-B6CB18172F89}"
EndProject
Project("{9A19103F-16F7-4668-BE54-9A1E7A4F7556}") = "DownloadQueue", "DownloadQueue\DownloadQueue.csproj", "{47B4C3C9-6BEA-452B-97D6-87950BDA4961}"
EndProject
Project("{9A19103F-16F7-4668-BE54-9A1E7A4F7556}") = "BrowsingHistory", "BrowsingHistory\BrowsingHistory.csproj", "{15B190B2-E83C-4060-A74B-045CE25C65AB}"
EndProject
Project("{2150E333-8FDC-42A3-9474-1A3956D46DE8}") = "BrowserHistory", "BrowserHistory", "{99D78139-72CA-43AE-8F33-437F6B3C00AF}"
EndProject
Project("{2150E333-8FDC-42A3-9474-1A3956D46DE8}") = "TextEditor", "TextEditor", "{1A321F2F-700B-402B-B6CB-64CB3786F0AE}"
EndProject
Project("{2150E333-8FDC-42A3-9474-1A3956D46DE8}") = "ParenthesesValidation", "ParenthesesValidation", "{9A2B17DB-1604-4484-831F-6C0F1E8F79E5}"
EndProject
Project("{2150E333-8FDC-42A3-9474-1A3956D46DE8}") = "Calculator", "Calculator", "{CCD36824-78DD-4373-90D5-69B960864D46}"
EndProject
Project("{9A19103F-16F7-4668-BE54-9A1E7A4F7556}") = "TextEditor", "TextEditor\TextEditor.csproj", "{AB8D576C-FFE7-47A6-B649-56AC556C55AF}"
EndProject
Project("{FAE04EC0-301F-11D3-BF4B-00C04F79EFBC}") = "ParenthesisValidation", "ParenthesisValidation\ParenthesisValidation.csproj", "{A21DE684-6B83-41BD-99B7-CB55FD9CDC15}"
EndProject
Project("{FAE04EC0-301F-11D3-BF4B-00C04F79EFBC}") = "CalculatorRPN", "CalculatorRPN\CalculatorRPN.csproj", "{11D5B3EC-FCAD-4BEF-88C8-07580382F4E1}"
EndProject
Global
	GlobalSection(SolutionConfigurationPlatforms) = preSolution
		Debug|Any CPU = Debug|Any CPU
		Release|Any CPU = Release|Any CPU
	EndGlobalSection
	GlobalSection(ProjectConfigurationPlatforms) = postSolution
		{8C33E051-8B76-43BC-9FA9-5E481174785C}.Debug|Any CPU.ActiveCfg = Debug|Any CPU
		{8C33E051-8B76-43BC-9FA9-5E481174785C}.Debug|Any CPU.Build.0 = Debug|Any CPU
		{8C33E051-8B76-43BC-9FA9-5E481174785C}.Release|Any CPU.ActiveCfg = Release|Any CPU
		{8C33E051-8B76-43BC-9FA9-5E481174785C}.Release|Any CPU.Build.0 = Release|Any CPU
		{EF75F362-1D30-4B24-B61F-2C0DB13CA650}.Debug|Any CPU.ActiveCfg = Debug|Any CPU
		{EF75F362-1D30-4B24-B61F-2C0DB13CA650}.Debug|Any CPU.Build.0 = Debug|Any CPU
		{EF75F362-1D30-4B24-B61F-2C0DB13CA650}.Release|Any CPU.ActiveCfg = Release|Any CPU
		{EF75F362-1D30-4B24-B61F-2C0DB13CA650}.Release|Any CPU.Build.0 = Release|Any CPU
		{CF973F5B-E1DB-43C1-A315-84CC05B272A2}.Debug|Any CPU.ActiveCfg = Debug|Any CPU
		{CF973F5B-E1DB-43C1-A315-84CC05B272A2}.Debug|Any CPU.Build.0 = Debug|Any CPU
		{CF973F5B-E1DB-43C1-A315-84CC05B272A2}.Release|Any CPU.ActiveCfg = Release|Any CPU
		{CF973F5B-E1DB-43C1-A315-84CC05B272A2}.Release|Any CPU.Build.0 = Release|Any CPU
		{B7C3A00A-6F50-439C-AFEC-B6CB18172F89}.Debug|Any CPU.ActiveCfg = Debug|Any CPU
		{B7C3A00A-6F50-439C-AFEC-B6CB18172F89}.Debug|Any CPU.Build.0 = Debug|Any CPU
		{B7C3A00A-6F50-439C-AFEC-B6CB18172F89}.Release|Any CPU.ActiveCfg = Release|Any CPU
		{B7C3A00A-6F50-439C-AFEC-B6CB18172F89}.Release|Any CPU.Build.0 = Release|Any CPU
		{47B4C3C9-6BEA-452B-97D6-87950BDA4961}.Debug|Any CPU.ActiveCfg = Debug|Any CPU
		{47B4C3C9-6BEA-452B-97D6-87950BDA4961}.Debug|Any CPU.Build.0 = Debug|Any CPU
		{47B4C3C9-6BEA-452B-97D6-87950BDA4961}.Release|Any CPU.ActiveCfg = Release|Any CPU
		{47B4C3C9-6BEA-452B-97D6-87950BDA4961}.Release|Any CPU.Build.0 = Release|Any CPU
		{15B190B2-E83C-4060-A74B-045CE25C65AB}.Debug|Any CPU.ActiveCfg = Debug|Any CPU
		{15B190B2-E83C-4060-A74B-045CE25C65AB}.Debug|Any CPU.Build.0 = Debug|Any CPU
		{15B190B2-E83C-4060-A74B-045CE25C65AB}.Release|Any CPU.ActiveCfg = Release|Any CPU
		{15B190B2-E83C-4060-A74B-045CE25C65AB}.Release|Any CPU.Build.0 = Release|Any CPU
		{AB8D576C-FFE7-47A6-B649-56AC556C55AF}.Debug|Any CPU.ActiveCfg = Debug|Any CPU
		{AB8D576C-FFE7-47A6-B649-56AC556C55AF}.Debug|Any CPU.Build.0 = Debug|Any CPU
		{AB8D576C-FFE7-47A6-B649-56AC556C55AF}.Release|Any CPU.ActiveCfg = Release|Any CPU
		{AB8D576C-FFE7-47A6-B649-56AC556C55AF}.Release|Any CPU.Build.0 = Release|Any CPU
		{A21DE684-6B83-41BD-99B7-CB55FD9CDC15}.Debug|Any CPU.ActiveCfg = Debug|Any CPU
		{A21DE684-6B83-41BD-99B7-CB55FD9CDC15}.Debug|Any CPU.Build.0 = Debug|Any CPU
		{A21DE684-6B83-41BD-99B7-CB55FD9CDC15}.Release|Any CPU.ActiveCfg = Release|Any CPU
		{A21DE684-6B83-41BD-99B7-CB55FD9CDC15}.Release|Any CPU.Build.0 = Release|Any CPU
		{11D5B3EC-FCAD-4BEF-88C8-07580382F4E1}.Debug|Any CPU.ActiveCfg = Debug|Any CPU
		{11D5B3EC-FCAD-4BEF-88C8-07580382F4E1}.Debug|Any CPU.Build.0 = Debug|Any CPU
		{11D5B3EC-FCAD-4BEF-88C8-07580382F4E1}.Release|Any CPU.ActiveCfg = Release|Any CPU
		{11D5B3EC-FCAD-4BEF-88C8-07580382F4E1}.Release|Any CPU.Build.0 = Release|Any CPU
	EndGlobalSection
	GlobalSection(SolutionProperties) = preSolution
		HideSolutionNode = FALSE
	EndGlobalSection
	GlobalSection(NestedProjects) = preSolution
		{E560E047-A27F-4C87-804B-82E9D728EEFA} = {DF67787C-B0E9-4F74-B00B-E156848B35A6}
		{5E630CE5-D65E-4DF2-98BE-0A84A9C63DF0} = {DF67787C-B0E9-4F74-B00B-E156848B35A6}
		{19513C6C-CB97-4F43-B940-D65EEF161CF6} = {DF67787C-B0E9-4F74-B00B-E156848B35A6}
		{20365B5D-47A2-462B-BFA2-E4A4966EA14F} = {DF67787C-B0E9-4F74-B00B-E156848B35A6}
		{8C33E051-8B76-43BC-9FA9-5E481174785C} = {E560E047-A27F-4C87-804B-82E9D728EEFA}
		{EF75F362-1D30-4B24-B61F-2C0DB13CA650} = {E560E047-A27F-4C87-804B-82E9D728EEFA}
		{CF973F5B-E1DB-43C1-A315-84CC05B272A2} = {5E630CE5-D65E-4DF2-98BE-0A84A9C63DF0}
		{B7C3A00A-6F50-439C-AFEC-B6CB18172F89} = {19513C6C-CB97-4F43-B940-D65EEF161CF6}
		{47B4C3C9-6BEA-452B-97D6-87950BDA4961} = {20365B5D-47A2-462B-BFA2-E4A4966EA14F}
		{15B190B2-E83C-4060-A74B-045CE25C65AB} = {99D78139-72CA-43AE-8F33-437F6B3C00AF}
		{99D78139-72CA-43AE-8F33-437F6B3C00AF} = {91C0B8FF-20D6-449D-9024-BC9EBAE66BC9}
		{1A321F2F-700B-402B-B6CB-64CB3786F0AE} = {91C0B8FF-20D6-449D-9024-BC9EBAE66BC9}
		{9A2B17DB-1604-4484-831F-6C0F1E8F79E5} = {91C0B8FF-20D6-449D-9024-BC9EBAE66BC9}
		{CCD36824-78DD-4373-90D5-69B960864D46} = {91C0B8FF-20D6-449D-9024-BC9EBAE66BC9}
		{AB8D576C-FFE7-47A6-B649-56AC556C55AF} = {1A321F2F-700B-402B-B6CB-64CB3786F0AE}
		{A21DE684-6B83-41BD-99B7-CB55FD9CDC15} = {9A2B17DB-1604-4484-831F-6C0F1E8F79E5}
		{11D5B3EC-FCAD-4BEF-88C8-07580382F4E1} = {CCD36824-78DD-4373-90D5-69B960864D46}
	EndGlobalSection
	GlobalSection(ExtensibilityGlobals) = postSolution
		SolutionGuid = {0FC1344F-E99A-4A6F-9459-0BBDE5A9C8FF}
	EndGlobalSection
EndGlobal
